
Microsoft Visual Studio Solution File, Format Version 12.00
# Visual Studio Version 16
VisualStudioVersion = 16.0.29728.190
MinimumVisualStudioVersion = 10.0.40219.1
Project("{FAE04EC0-301F-11D3-BF4B-00C04F79EFBC}") = "OrdersWebAPI", "OrdersWebAPI\OrdersWebAPI.csproj", "{823499D9-8999-4971-BCF2-DE0E729AA717}"
EndProject
Project("{FAE04EC0-301F-11D3-BF4B-00C04F79EFBC}") = "OrdersClient", "OrdersClient\OrdersClient.csproj", "{DD3449F9-C2D7-47B1-AEC8-AB09BEE49173}"
EndProject
Global
	GlobalSection(SolutionConfigurationPlatforms) = preSolution
		Debug|Any CPU = Debug|Any CPU
		Release|Any CPU = Release|Any CPU
	EndGlobalSection
	GlobalSection(ProjectConfigurationPlatforms) = postSolution
		{823499D9-8999-4971-BCF2-DE0E729AA717}.Debug|Any CPU.ActiveCfg = Debug|Any CPU
		{823499D9-8999-4971-BCF2-DE0E729AA717}.Debug|Any CPU.Build.0 = Debug|Any CPU
		{823499D9-8999-4971-BCF2-DE0E729AA717}.Release|Any CPU.ActiveCfg = Release|Any CPU
		{823499D9-8999-4971-BCF2-DE0E729AA717}.Release|Any CPU.Build.0 = Release|Any CPU
		{DD3449F9-C2D7-47B1-AEC8-AB09BEE49173}.Debug|Any CPU.ActiveCfg = Debug|Any CPU
		{DD3449F9-C2D7-47B1-AEC8-AB09BEE49173}.Debug|Any CPU.Build.0 = Debug|Any CPU
		{DD3449F9-C2D7-47B1-AEC8-AB09BEE49173}.Release|Any CPU.ActiveCfg = Release|Any CPU
		{DD3449F9-C2D7-47B1-AEC8-AB09BEE49173}.Release|Any CPU.Build.0 = Release|Any CPU
	EndGlobalSection
	GlobalSection(SolutionProperties) = preSolution
		HideSolutionNode = FALSE
	EndGlobalSection
	GlobalSection(ExtensibilityGlobals) = postSolution
		SolutionGuid = {593558AA-DA16-4349-9968-BC011A067157}
	EndGlobalSection
EndGlobal
